// !$*UTF8*$!
{
	archiveVersion = 1;
	classes = {
	};
	objectVersion = 50;
	objects = {

/* Begin PBXBuildFile section */
		0ADF303C208CC71D00A76315 /* AppDelegate.swift in Sources */ = {isa = PBXBuildFile; fileRef = 0ADF303B208CC71D00A76315 /* AppDelegate.swift */; };
		0ADF303E208CC71E00A76315 /* ViewController.swift in Sources */ = {isa = PBXBuildFile; fileRef = 0ADF303D208CC71E00A76315 /* ViewController.swift */; };
		0ADF3041208CC71E00A76315 /* Main.storyboard in Resources */ = {isa = PBXBuildFile; fileRef = 0ADF303F208CC71E00A76315 /* Main.storyboard */; };
		0ADF3043208CC71E00A76315 /* Assets.xcassets in Resources */ = {isa = PBXBuildFile; fileRef = 0ADF3042208CC71E00A76315 /* Assets.xcassets */; };
		0ADF3046208CC71E00A76315 /* LaunchScreen.storyboard in Resources */ = {isa = PBXBuildFile; fileRef = 0ADF3044208CC71E00A76315 /* LaunchScreen.storyboard */; };
		0ADF3051208CC71E00A76315 /* caltor2Tests.swift in Sources */ = {isa = PBXBuildFile; fileRef = 0ADF3050208CC71E00A76315 /* caltor2Tests.swift */; };
		0ADF305C208CC71E00A76315 /* caltor2UITests.swift in Sources */ = {isa = PBXBuildFile; fileRef = 0ADF305B208CC71E00A76315 /* caltor2UITests.swift */; };
/* End PBXBuildFile section */

/* Begin PBXContainerItemProxy section */
		0ADF304D208CC71E00A76315 /* PBXContainerItemProxy */ = {
			isa = PBXContainerItemProxy;
			containerPortal = 0ADF3030208CC71D00A76315 /* Project object */;
			proxyType = 1;
			remoteGlobalIDString = 0ADF3037208CC71D00A76315;
			remoteInfo = caltor2;
		};
		0ADF3058208CC71E00A76315 /* PBXContainerItemProxy */ = {
			isa = PBXContainerItemProxy;
			containerPortal = 0ADF3030208CC71D00A76315 /* Project object */;
			proxyType = 1;
			remoteGlobalIDString = 0ADF3037208CC71D00A76315;
			remoteInfo = caltor2;
		};
/* End PBXContainerItemProxy section */

/* Begin PBXFileReference section */
		0ADF3038208CC71D00A76315 /* caltor2.app */ = {isa = PBXFileReference; explicitFileType = wrapper.application; includeInIndex = 0; path = caltor2.app; sourceTree = BUILT_PRODUCTS_DIR; };
		0ADF303B208CC71D00A76315 /* AppDelegate.swift */ = {isa = PBXFileReference; lastKnownFileType = sourcecode.swift; path = AppDelegate.swift; sourceTree = "<group>"; };
		0ADF303D208CC71E00A76315 /* ViewController.swift */ = {isa = PBXFileReference; lastKnownFileType = sourcecode.swift; path = ViewController.swift; sourceTree = "<group>"; };
		0ADF3040208CC71E00A76315 /* Base */ = {isa = PBXFileReference; lastKnownFileType = file.storyboard; name = Base; path = Base.lproj/Main.storyboard; sourceTree = "<group>"; };
		0ADF3042208CC71E00A76315 /* Assets.xcassets */ = {isa = PBXFileReference; lastKnownFileType = folder.assetcatalog; path = Assets.xcassets; sourceTree = "<group>"; };
		0ADF3045208CC71E00A76315 /* Base */ = {isa = PBXFileReference; lastKnownFileType = file.storyboard; name = Base; path = Base.lproj/LaunchScreen.storyboard; sourceTree = "<group>"; };
		0ADF3047208CC71E00A76315 /* Info.plist */ = {isa = PBXFileReference; lastKnownFileType = text.plist.xml; path = Info.plist; sourceTree = "<group>"; };
		0ADF304C208CC71E00A76315 /* caltor2Tests.xctest */ = {isa = PBXFileReference; explicitFileType = wrapper.cfbundle; includeInIndex = 0; path = caltor2Tests.xctest; sourceTree = BUILT_PRODUCTS_DIR; };
		0ADF3050208CC71E00A76315 /* caltor2Tests.swift */ = {isa = PBXFileReference; lastKnownFileType = sourcecode.swift; path = caltor2Tests.swift; sourceTree = "<group>"; };
		0ADF3052208CC71E00A76315 /* Info.plist */ = {isa = PBXFileReference; lastKnownFileType = text.plist.xml; path = Info.plist; sourceTree = "<group>"; };
		0ADF3057208CC71E00A76315 /* caltor2UITests.xctest */ = {isa = PBXFileReference; explicitFileType = wrapper.cfbundle; includeInIndex = 0; path = caltor2UITests.xctest; sourceTree = BUILT_PRODUCTS_DIR; };
		0ADF305B208CC71E00A76315 /* caltor2UITests.swift */ = {isa = PBXFileReference; lastKnownFileType = sourcecode.swift; path = caltor2UITests.swift; sourceTree = "<group>"; };
		0ADF305D208CC71E00A76315 /* Info.plist */ = {isa = PBXFileReference; lastKnownFileType = text.plist.xml; path = Info.plist; sourceTree = "<group>"; };
/* End PBXFileReference section */

/* Begin PBXFrameworksBuildPhase section */
		0ADF3035208CC71D00A76315 /* Frameworks */ = {
			isa = PBXFrameworksBuildPhase;
			buildActionMask = 2147483647;
			files = (
			);
			runOnlyForDeploymentPostprocessing = 0;
		};
		0ADF3049208CC71E00A76315 /* Frameworks */ = {
			isa = PBXFrameworksBuildPhase;
			buildActionMask = 2147483647;
			files = (
			);
			runOnlyForDeploymentPostprocessing = 0;
		};
		0ADF3054208CC71E00A76315 /* Frameworks */ = {
			isa = PBXFrameworksBuildPhase;
			buildActionMask = 2147483647;
			files = (
			);
			runOnlyForDeploymentPostprocessing = 0;
		};
/* End PBXFrameworksBuildPhase section */

/* Begin PBXGroup section */
		0ADF302F208CC71D00A76315 = {
			isa = PBXGroup;
			children = (
				0ADF303A208CC71D00A76315 /* caltor2 */,
				0ADF304F208CC71E00A76315 /* caltor2Tests */,
				0ADF305A208CC71E00A76315 /* caltor2UITests */,
				0ADF3039208CC71D00A76315 /* Products */,
			);
			sourceTree = "<group>";
		};
		0ADF3039208CC71D00A76315 /* Products */ = {
			isa = PBXGroup;
			children = (
				0ADF3038208CC71D00A76315 /* caltor2.app */,
				0ADF304C208CC71E00A76315 /* caltor2Tests.xctest */,
				0ADF3057208CC71E00A76315 /* caltor2UITests.xctest */,
			);
			name = Products;
			sourceTree = "<group>";
		};
		0ADF303A208CC71D00A76315 /* caltor2 */ = {
			isa = PBXGroup;
			children = (
				0ADF303B208CC71D00A76315 /* AppDelegate.swift */,
				0ADF303D208CC71E00A76315 /* ViewController.swift */,
				0ADF303F208CC71E00A76315 /* Main.storyboard */,
				0ADF3042208CC71E00A76315 /* Assets.xcassets */,
				0ADF3044208CC71E00A76315 /* LaunchScreen.storyboard */,
				0ADF3047208CC71E00A76315 /* Info.plist */,
			);
			path = caltor2;
			sourceTree = "<group>";
		};
		0ADF304F208CC71E00A76315 /* caltor2Tests */ = {
			isa = PBXGroup;
			children = (
				0ADF3050208CC71E00A76315 /* caltor2Tests.swift */,
				0ADF3052208CC71E00A76315 /* Info.plist */,
			);
			path = caltor2Tests;
			sourceTree = "<group>";
		};
		0ADF305A208CC71E00A76315 /* caltor2UITests */ = {
			isa = PBXGroup;
			children = (
				0ADF305B208CC71E00A76315 /* caltor2UITests.swift */,
				0ADF305D208CC71E00A76315 /* Info.plist */,
			);
			path = caltor2UITests;
			sourceTree = "<group>";
		};
/* End PBXGroup section */

/* Begin PBXNativeTarget section */
		0ADF3037208CC71D00A76315 /* caltor2 */ = {
			isa = PBXNativeTarget;
			buildConfigurationList = 0ADF3060208CC71E00A76315 /* Build configuration list for PBXNativeTarget "caltor2" */;
			buildPhases = (
				0ADF3034208CC71D00A76315 /* Sources */,
				0ADF3035208CC71D00A76315 /* Frameworks */,
				0ADF3036208CC71D00A76315 /* Resources */,
			);
			buildRules = (
			);
			dependencies = (
			);
			name = caltor2;
			productName = caltor2;
			productReference = 0ADF3038208CC71D00A76315 /* caltor2.app */;
			productType = "com.apple.product-type.application";
		};
		0ADF304B208CC71E00A76315 /* caltor2Tests */ = {
			isa = PBXNativeTarget;
			buildConfigurationList = 0ADF3063208CC71E00A76315 /* Build configuration list for PBXNativeTarget "caltor2Tests" */;
			buildPhases = (
				0ADF3048208CC71E00A76315 /* Sources */,
				0ADF3049208CC71E00A76315 /* Frameworks */,
				0ADF304A208CC71E00A76315 /* Resources */,
			);
			buildRules = (
			);
			dependencies = (
				0ADF304E208CC71E00A76315 /* PBXTargetDependency */,
			);
			name = caltor2Tests;
			productName = caltor2Tests;
			productReference = 0ADF304C208CC71E00A76315 /* caltor2Tests.xctest */;
			productType = "com.apple.product-type.bundle.unit-test";
		};
		0ADF3056208CC71E00A76315 /* caltor2UITests */ = {
			isa = PBXNativeTarget;
			buildConfigurationList = 0ADF3066208CC71E00A76315 /* Build configuration list for PBXNativeTarget "caltor2UITests" */;
			buildPhases = (
				0ADF3053208CC71E00A76315 /* Sources */,
				0ADF3054208CC71E00A76315 /* Frameworks */,
				0ADF3055208CC71E00A76315 /* Resources */,
			);
			buildRules = (
			);
			dependencies = (
				0ADF3059208CC71E00A76315 /* PBXTargetDependency */,
			);
			name = caltor2UITests;
			productName = caltor2UITests;
			productReference = 0ADF3057208CC71E00A76315 /* caltor2UITests.xctest */;
			productType = "com.apple.product-type.bundle.ui-testing";
		};
/* End PBXNativeTarget section */

/* Begin PBXProject section */
		0ADF3030208CC71D00A76315 /* Project object */ = {
			isa = PBXProject;
			attributes = {
				LastSwiftUpdateCheck = 0930;
				LastUpgradeCheck = 0930;
				ORGANIZATIONNAME = Kevin;
				TargetAttributes = {
					0ADF3037208CC71D00A76315 = {
						CreatedOnToolsVersion = 9.3;
					};
					0ADF304B208CC71E00A76315 = {
						CreatedOnToolsVersion = 9.3;
						TestTargetID = 0ADF3037208CC71D00A76315;
					};
					0ADF3056208CC71E00A76315 = {
						CreatedOnToolsVersion = 9.3;
						TestTargetID = 0ADF3037208CC71D00A76315;
					};
				};
			};
			buildConfigurationList = 0ADF3033208CC71D00A76315 /* Build configuration list for PBXProject "caltor2" */;
			compatibilityVersion = "Xcode 9.3";
			developmentRegion = en;
			hasScannedForEncodings = 0;
			knownRegions = (
				en,
				Base,
			);
			mainGroup = 0ADF302F208CC71D00A76315;
			productRefGroup = 0ADF3039208CC71D00A76315 /* Products */;
			projectDirPath = "";
			projectRoot = "";
			targets = (
				0ADF3037208CC71D00A76315 /* caltor2 */,
				0ADF304B208CC71E00A76315 /* caltor2Tests */,
				0ADF3056208CC71E00A76315 /* caltor2UITests */,
			);
		};
/* End PBXProject section */

/* Begin PBXResourcesBuildPhase section */
		0ADF3036208CC71D00A76315 /* Resources */ = {
			isa = PBXResourcesBuildPhase;
			buildActionMask = 2147483647;
			files = (
				0ADF3046208CC71E00A76315 /* LaunchScreen.storyboard in Resources */,
				0ADF3043208CC71E00A76315 /* Assets.xcassets in Resources */,
				0ADF3041208CC71E00A76315 /* Main.storyboard in Resources */,
			);
			runOnlyForDeploymentPostprocessing = 0;
		};
		0ADF304A208CC71E00A76315 /* Resources */ = {
			isa = PBXResourcesBuildPhase;
			buildActionMask = 2147483647;
			files = (
			);
			runOnlyForDeploymentPostprocessing = 0;
		};
		0ADF3055208CC71E00A76315 /* Resources */ = {
			isa = PBXResourcesBuildPhase;
			buildActionMask = 2147483647;
			files = (
			);
			runOnlyForDeploymentPostprocessing = 0;
		};
/* End PBXResourcesBuildPhase section */

/* Begin PBXSourcesBuildPhase section */
		0ADF3034208CC71D00A76315 /* Sources */ = {
			isa = PBXSourcesBuildPhase;
			buildActionMask = 2147483647;
			files = (
				0ADF303E208CC71E00A76315 /* ViewController.swift in Sources */,
				0ADF303C208CC71D00A76315 /* AppDelegate.swift in Sources */,
			);
			runOnlyForDeploymentPostprocessing = 0;
		};
		0ADF3048208CC71E00A76315 /* Sources */ = {
			isa = PBXSourcesBuildPhase;
			buildActionMask = 2147483647;
			files = (
				0ADF3051208CC71E00A76315 /* caltor2Tests.swift in Sources */,
			);
			runOnlyForDeploymentPostprocessing = 0;
		};
		0ADF3053208CC71E00A76315 /* Sources */ = {
			isa = PBXSourcesBuildPhase;
			buildActionMask = 2147483647;
			files = (
				0ADF305C208CC71E00A76315 /* caltor2UITests.swift in Sources */,
			);
			runOnlyForDeploymentPostprocessing = 0;
		};
/* End PBXSourcesBuildPhase section */

/* Begin PBXTargetDependency section */
		0ADF304E208CC71E00A76315 /* PBXTargetDependency */ = {
			isa = PBXTargetDependency;
			target = 0ADF3037208CC71D00A76315 /* caltor2 */;
			targetProxy = 0ADF304D208CC71E00A76315 /* PBXContainerItemProxy */;
		};
		0ADF3059208CC71E00A76315 /* PBXTargetDependency */ = {
			isa = PBXTargetDependency;
			target = 0ADF3037208CC71D00A76315 /* caltor2 */;
			targetProxy = 0ADF3058208CC71E00A76315 /* PBXContainerItemProxy */;
		};
/* End PBXTargetDependency section */

/* Begin PBXVariantGroup section */
		0ADF303F208CC71E00A76315 /* Main.storyboard */ = {
			isa = PBXVariantGroup;
			children = (
				0ADF3040208CC71E00A76315 /* Base */,
			);
			name = Main.storyboard;
			sourceTree = "<group>";
		};
		0ADF3044208CC71E00A76315 /* LaunchScreen.storyboard */ = {
			isa = PBXVariantGroup;
			children = (
				0ADF3045208CC71E00A76315 /* Base */,
			);
			name = LaunchScreen.storyboard;
			sourceTree = "<group>";
		};
/* End PBXVariantGroup section */

/* Begin XCBuildConfiguration section */
		0ADF305E208CC71E00A76315 /* Debug */ = {
			isa = XCBuildConfiguration;
			buildSettings = {
				ALWAYS_SEARCH_USER_PATHS = NO;
				CLANG_ANALYZER_NONNULL = YES;
				CLANG_ANALYZER_NUMBER_OBJECT_CONVERSION = YES_AGGRESSIVE;
				CLANG_CXX_LANGUAGE_STANDARD = "gnu++14";
				CLANG_CXX_LIBRARY = "libc++";
				CLANG_ENABLE_MODULES = YES;
				CLANG_ENABLE_OBJC_ARC = YES;
				CLANG_ENABLE_OBJC_WEAK = YES;
				CLANG_WARN_BLOCK_CAPTURE_AUTORELEASING = YES;
				CLANG_WARN_BOOL_CONVERSION = YES;
				CLANG_WARN_COMMA = YES;
				CLANG_WARN_CONSTANT_CONVERSION = YES;
				CLANG_WARN_DEPRECATED_OBJC_IMPLEMENTATIONS = YES;
				CLANG_WARN_DIRECT_OBJC_ISA_USAGE = YES_ERROR;
				CLANG_WARN_DOCUMENTATION_COMMENTS = YES;
				CLANG_WARN_EMPTY_BODY = YES;
				CLANG_WARN_ENUM_CONVERSION = YES;
				CLANG_WARN_INFINITE_RECURSION = YES;
				CLANG_WARN_INT_CONVERSION = YES;
				CLANG_WARN_NON_LITERAL_NULL_CONVERSION = YES;
				CLANG_WARN_OBJC_IMPLICIT_RETAIN_SELF = YES;
				CLANG_WARN_OBJC_LITERAL_CONVERSION = YES;
				CLANG_WARN_OBJC_ROOT_CLASS = YES_ERROR;
				CLANG_WARN_RANGE_LOOP_ANALYSIS = YES;
				CLANG_WARN_STRICT_PROTOTYPES = YES;
				CLANG_WARN_SUSPICIOUS_MOVE = YES;
				CLANG_WARN_UNGUARDED_AVAILABILITY = YES_AGGRESSIVE;
				CLANG_WARN_UNREACHABLE_CODE = YES;
				CLANG_WARN__DUPLICATE_METHOD_MATCH = YES;
				CODE_SIGN_IDENTITY = "iPhone Developer";
				COPY_PHASE_STRIP = NO;
				DEBUG_INFORMATION_FORMAT = dwarf;
				ENABLE_STRICT_OBJC_MSGSEND = YES;
				ENABLE_TESTABILITY = YES;
				GCC_C_LANGUAGE_STANDARD = gnu11;
				GCC_DYNAMIC_NO_PIC = NO;
				GCC_NO_COMMON_BLOCKS = YES;
				GCC_OPTIMIZATION_LEVEL = 0;
				GCC_PREPROCESSOR_DEFINITIONS = (
					"DEBUG=1",
					"$(inherited)",
				);
				GCC_WARN_64_TO_32_BIT_CONVERSION = YES;
				GCC_WARN_ABOUT_RETURN_TYPE = YES_ERROR;
				GCC_WARN_UNDECLARED_SELECTOR = YES;
				GCC_WARN_UNINITIALIZED_AUTOS = YES_AGGRESSIVE;
				GCC_WARN_UNUSED_FUNCTION = YES;
				GCC_WARN_UNUSED_VARIABLE = YES;
				IPHONEOS_DEPLOYMENT_TARGET = 11.3;
				MTL_ENABLE_DEBUG_INFO = YES;
				ONLY_ACTIVE_ARCH = YES;
				SDKROOT = iphoneos;
				SWIFT_ACTIVE_COMPILATION_CONDITIONS = DEBUG;
				SWIFT_OPTIMIZATION_LEVEL = "-Onone";
			};
			name = Debug;
		};
		0ADF305F208CC71E00A76315 /* Release */ = {
			isa = XCBuildConfiguration;
			buildSettings = {
				ALWAYS_SEARCH_USER_PATHS = NO;
				CLANG_ANALYZER_NONNULL = YES;
				CLANG_ANALYZER_NUMBER_OBJECT_CONVERSION = YES_AGGRESSIVE;
				CLANG_CXX_LANGUAGE_STANDARD = "gnu++14";
				CLANG_CXX_LIBRARY = "libc++";
				CLANG_ENABLE_MODULES = YES;
				CLANG_ENABLE_OBJC_ARC = YES;
				CLANG_ENABLE_OBJC_WEAK = YES;
				CLANG_WARN_BLOCK_CAPTURE_AUTORELEASING = YES;
				CLANG_WARN_BOOL_CONVERSION = YES;
				CLANG_WARN_COMMA = YES;
				CLANG_WARN_CONSTANT_CONVERSION = YES;
				CLANG_WARN_DEPRECATED_OBJC_IMPLEMENTATIONS = YES;
				CLANG_WARN_DIRECT_OBJC_ISA_USAGE = YES_ERROR;
				CLANG_WARN_DOCUMENTATION_COMMENTS = YES;
				CLANG_WARN_EMPTY_BODY = YES;
				CLANG_WARN_ENUM_CONVERSION = YES;
				CLANG_WARN_INFINITE_RECURSION = YES;
				CLANG_WARN_INT_CONVERSION = YES;
				CLANG_WARN_NON_LITERAL_NULL_CONVERSION = YES;
				CLANG_WARN_OBJC_IMPLICIT_RETAIN_SELF = YES;
				CLANG_WARN_OBJC_LITERAL_CONVERSION = YES;
				CLANG_WARN_OBJC_ROOT_CLASS = YES_ERROR;
				CLANG_WARN_RANGE_LOOP_ANALYSIS = YES;
				CLANG_WARN_STRICT_PROTOTYPES = YES;
				CLANG_WARN_SUSPICIOUS_MOVE = YES;
				CLANG_WARN_UNGUARDED_AVAILABILITY = YES_AGGRESSIVE;
				CLANG_WARN_UNREACHABLE_CODE = YES;
				CLANG_WARN__DUPLICATE_METHOD_MATCH = YES;
				CODE_SIGN_IDENTITY = "iPhone Developer";
				COPY_PHASE_STRIP = NO;
				DEBUG_INFORMATION_FORMAT = "dwarf-with-dsym";
				ENABLE_NS_ASSERTIONS = NO;
				ENABLE_STRICT_OBJC_MSGSEND = YES;
				GCC_C_LANGUAGE_STANDARD = gnu11;
				GCC_NO_COMMON_BLOCKS = YES;
				GCC_WARN_64_TO_32_BIT_CONVERSION = YES;
				GCC_WARN_ABOUT_RETURN_TYPE = YES_ERROR;
				GCC_WARN_UNDECLARED_SELECTOR = YES;
				GCC_WARN_UNINITIALIZED_AUTOS = YES_AGGRESSIVE;
				GCC_WARN_UNUSED_FUNCTION = YES;
				GCC_WARN_UNUSED_VARIABLE = YES;
				IPHONEOS_DEPLOYMENT_TARGET = 11.3;
				MTL_ENABLE_DEBUG_INFO = NO;
				SDKROOT = iphoneos;
				SWIFT_COMPILATION_MODE = wholemodule;
				SWIFT_OPTIMIZATION_LEVEL = "-O";
				VALIDATE_PRODUCT = YES;
			};
			name = Release;
		};
		0ADF3061208CC71E00A76315 /* Debug */ = {
			isa = XCBuildConfiguration;
			buildSettings = {
				ASSETCATALOG_COMPILER_APPICON_NAME = AppIcon;
				CODE_SIGN_STYLE = Automatic;
				INFOPLIST_FILE = caltor2/Info.plist;
				LD_RUNPATH_SEARCH_PATHS = (
					"$(inherited)",
					"@executable_path/Frameworks",
				);
				PRODUCT_BUNDLE_IDENTIFIER = kevin.caltor2;
				PRODUCT_NAME = "$(TARGET_NAME)";
				SWIFT_VERSION = 4.0;
				TARGETED_DEVICE_FAMILY = "1,2";
			};
			name = Debug;
		};
		0ADF3062208CC71E00A76315 /* Release */ = {
			isa = XCBuildConfiguration;
			buildSettings = {
				ASSETCATALOG_COMPILER_APPICON_NAME = AppIcon;
				CODE_SIGN_STYLE = Automatic;
				INFOPLIST_FILE = caltor2/Info.plist;
				LD_RUNPATH_SEARCH_PATHS = (
					"$(inherited)",
					"@executable_path/Frameworks",
				);
				PRODUCT_BUNDLE_IDENTIFIER = kevin.caltor2;
				PRODUCT_NAME = "$(TARGET_NAME)";
				SWIFT_VERSION = 4.0;
				TARGETED_DEVICE_FAMILY = "1,2";
			};
			name = Release;
		};
		0ADF3064208CC71E00A76315 /* Debug */ = {
			isa = XCBuildConfiguration;
			buildSettings = {
				ALWAYS_EMBED_SWIFT_STANDARD_LIBRARIES = YES;
				BUNDLE_LOADER = "$(TEST_HOST)";
				CODE_SIGN_STYLE = Automatic;
				INFOPLIST_FILE = caltor2Tests/Info.plist;
				LD_RUNPATH_SEARCH_PATHS = (
					"$(inherited)",
					"@executable_path/Frameworks",
					"@loader_path/Frameworks",
				);
				PRODUCT_BUNDLE_IDENTIFIER = kevin.caltor2Tests;
				PRODUCT_NAME = "$(TARGET_NAME)";
				SWIFT_VERSION = 4.0;
				TARGETED_DEVICE_FAMILY = "1,2";
				TEST_HOST = "$(BUILT_PRODUCTS_DIR)/caltor2.app/caltor2";
			};
			name = Debug;
		};
		0ADF3065208CC71E00A76315 /* Release */ = {
			isa = XCBuildConfiguration;
			buildSettings = {
				ALWAYS_EMBED_SWIFT_STANDARD_LIBRARIES = YES;
				BUNDLE_LOADER = "$(TEST_HOST)";
				CODE_SIGN_STYLE = Automatic;
				INFOPLIST_FILE = caltor2Tests/Info.plist;
				LD_RUNPATH_SEARCH_PATHS = (
					"$(inherited)",
					"@executable_path/Frameworks",
					"@loader_path/Frameworks",
				);
				PRODUCT_BUNDLE_IDENTIFIER = kevin.caltor2Tests;
				PRODUCT_NAME = "$(TARGET_NAME)";
				SWIFT_VERSION = 4.0;
				TARGETED_DEVICE_FAMILY = "1,2";
				TEST_HOST = "$(BUILT_PRODUCTS_DIR)/caltor2.app/caltor2";
			};
			name = Release;
		};
		0ADF3067208CC71E00A76315 /* Debug */ = {
			isa = XCBuildConfiguration;
			buildSettings = {
				ALWAYS_EMBED_SWIFT_STANDARD_LIBRARIES = YES;
				CODE_SIGN_STYLE = Automatic;
				INFOPLIST_FILE = caltor2UITests/Info.plist;
				LD_RUNPATH_SEARCH_PATHS = (
					"$(inherited)",
					"@executable_path/Frameworks",
					"@loader_path/Frameworks",
				);
				PRODUCT_BUNDLE_IDENTIFIER = kevin.caltor2UITests;
				PRODUCT_NAME = "$(TARGET_NAME)";
				SWIFT_VERSION = 4.0;
				TARGETED_DEVICE_FAMILY = "1,2";
				TEST_TARGET_NAME = caltor2;
			};
			name = Debug;
		};
		0ADF3068208CC71E00A76315 /* Release */ = {
			isa = XCBuildConfiguration;
			buildSettings = {
				ALWAYS_EMBED_SWIFT_STANDARD_LIBRARIES = YES;
				CODE_SIGN_STYLE = Automatic;
				INFOPLIST_FILE = caltor2UITests/Info.plist;
				LD_RUNPATH_SEARCH_PATHS = (
					"$(inherited)",
					"@executable_path/Frameworks",
					"@loader_path/Frameworks",
				);
				PRODUCT_BUNDLE_IDENTIFIER = kevin.caltor2UITests;
				PRODUCT_NAME = "$(TARGET_NAME)";
				SWIFT_VERSION = 4.0;
				TARGETED_DEVICE_FAMILY = "1,2";
				TEST_TARGET_NAME = caltor2;
			};
			name = Release;
		};
/* End XCBuildConfiguration section */

/* Begin XCConfigurationList section */
		0ADF3033208CC71D00A76315 /* Build configuration list for PBXProject "caltor2" */ = {
			isa = XCConfigurationList;
			buildConfigurations = (
				0ADF305E208CC71E00A76315 /* Debug */,
				0ADF305F208CC71E00A76315 /* Release */,
			);
			defaultConfigurationIsVisible = 0;
			defaultConfigurationName = Release;
		};
		0ADF3060208CC71E00A76315 /* Build configuration list for PBXNativeTarget "caltor2" */ = {
			isa = XCConfigurationList;
			buildConfigurations = (
				0ADF3061208CC71E00A76315 /* Debug */,
				0ADF3062208CC71E00A76315 /* Release */,
			);
			defaultConfigurationIsVisible = 0;
			defaultConfigurationName = Release;
		};
		0ADF3063208CC71E00A76315 /* Build configuration list for PBXNativeTarget "caltor2Tests" */ = {
			isa = XCConfigurationList;
			buildConfigurations = (
				0ADF3064208CC71E00A76315 /* Debug */,
				0ADF3065208CC71E00A76315 /* Release */,
			);
			defaultConfigurationIsVisible = 0;
			defaultConfigurationName = Release;
		};
		0ADF3066208CC71E00A76315 /* Build configuration list for PBXNativeTarget "caltor2UITests" */ = {
			isa = XCConfigurationList;
			buildConfigurations = (
				0ADF3067208CC71E00A76315 /* Debug */,
				0ADF3068208CC71E00A76315 /* Release */,
			);
			defaultConfigurationIsVisible = 0;
			defaultConfigurationName = Release;
		};
/* End XCConfigurationList section */
	};
	rootObject = 0ADF3030208CC71D00A76315 /* Project object */;
}
